[[package]]
name = "RayTracer"
version = "0.1.0"
dependencies = [
 "bmp 0.4.0 (registry+https://github.com/rust-lang/crates.io-index)",
]

[[package]]
name = "bmp"
version = "0.4.0"
source = "registry+https://github.com/rust-lang/crates.io-index"
dependencies = [
 "byteorder 1.3.1 (registry+https://github.com/rust-lang/crates.io-index)",
]

[[package]]
name = "byteorder"
version = "1.3.1"
source = "registry+https://github.com/rust-lang/crates.io-index"

[metadata]
"checksum bmp 0.4.0 (registry+https://github.com/rust-lang/crates.io-index)" = "ef8ceb6f83a7c5dde38e524a66b76a92cc02abb63880a2d9d067cdf8b50a76da"
"checksum byteorder 1.3.1 (registry+https://github.com/rust-lang/crates.io-index)" = "a019b10a2a7cdeb292db131fc8113e57ea2a908f6e7894b0c3c671893b65dbeb"
