
Microsoft Visual Studio Solution File, Format Version 12.00
# Visual Studio Version 16
VisualStudioVersion = 16.0.30804.86
MinimumVisualStudioVersion = 10.0.40219.1
Project("{9A19103F-16F7-4668-BE54-9A1E7A4F7556}") = "Tools", "Tools.csproj", "{26259716-C751-4362-A05F-19CD2757304D}"
EndProject
Global
	GlobalSection(SolutionConfigurationPlatforms) = preSolution
		Debug|Any CPU = Debug|Any CPU
		Release|Any CPU = Release|Any CPU
	EndGlobalSection
	GlobalSection(ProjectConfigurationPlatforms) = postSolution
		{26259716-C751-4362-A05F-19CD2757304D}.Debug|Any CPU.ActiveCfg = Debug|Any CPU
		{26259716-C751-4362-A05F-19CD2757304D}.Debug|Any CPU.Build.0 = Debug|Any CPU
		{26259716-C751-4362-A05F-19CD2757304D}.Release|Any CPU.ActiveCfg = Release|Any CPU
		{26259716-C751-4362-A05F-19CD2757304D}.Release|Any CPU.Build.0 = Release|Any CPU
	EndGlobalSection
	GlobalSection(SolutionProperties) = preSolution
		HideSolutionNode = FALSE
	EndGlobalSection
	GlobalSection(ExtensibilityGlobals) = postSolution
		SolutionGuid = {181D07A9-F7D1-4399-8593-D37B09905F72}
	EndGlobalSection
EndGlobal
