
Microsoft Visual Studio Solution File, Format Version 12.00
# Visual Studio Version 16
VisualStudioVersion = 16.0.30011.22
MinimumVisualStudioVersion = 10.0.40219.1
Project("{F2A71F9B-5D33-465A-A702-920D77279786}") = "RayTracer", "RayTracer.fsproj", "{0E4C0291-DED1-4AF0-B02B-0F7EFEE18220}"
EndProject
Global
	GlobalSection(SolutionConfigurationPlatforms) = preSolution
		Debug|Any CPU = Debug|Any CPU
		Debug|x64 = Debug|x64
		Debug|x86 = Debug|x86
		Release|Any CPU = Release|Any CPU
		Release|x64 = Release|x64
		Release|x86 = Release|x86
	EndGlobalSection
	GlobalSection(ProjectConfigurationPlatforms) = postSolution
		{0E4C0291-DED1-4AF0-B02B-0F7EFEE18220}.Debug|Any CPU.ActiveCfg = Debug|Any CPU
		{0E4C0291-DED1-4AF0-B02B-0F7EFEE18220}.Debug|Any CPU.Build.0 = Debug|Any CPU
		{0E4C0291-DED1-4AF0-B02B-0F7EFEE18220}.Debug|x64.ActiveCfg = Debug|x64
		{0E4C0291-DED1-4AF0-B02B-0F7EFEE18220}.Debug|x64.Build.0 = Debug|x64
		{0E4C0291-DED1-4AF0-B02B-0F7EFEE18220}.Debug|x86.ActiveCfg = Debug|x86
		{0E4C0291-DED1-4AF0-B02B-0F7EFEE18220}.Debug|x86.Build.0 = Debug|x86
		{0E4C0291-DED1-4AF0-B02B-0F7EFEE18220}.Release|Any CPU.ActiveCfg = Release|Any CPU
		{0E4C0291-DED1-4AF0-B02B-0F7EFEE18220}.Release|Any CPU.Build.0 = Release|Any CPU
		{0E4C0291-DED1-4AF0-B02B-0F7EFEE18220}.Release|x64.ActiveCfg = Release|x64
		{0E4C0291-DED1-4AF0-B02B-0F7EFEE18220}.Release|x64.Build.0 = Release|x64
		{0E4C0291-DED1-4AF0-B02B-0F7EFEE18220}.Release|x86.ActiveCfg = Release|x86
		{0E4C0291-DED1-4AF0-B02B-0F7EFEE18220}.Release|x86.Build.0 = Release|x86
	EndGlobalSection
	GlobalSection(SolutionProperties) = preSolution
		HideSolutionNode = FALSE
	EndGlobalSection
	GlobalSection(ExtensibilityGlobals) = postSolution
		SolutionGuid = {85B57AB7-1B56-409C-B218-1FEF64E15246}
	EndGlobalSection
EndGlobal
